
Microsoft Visual Studio Solution File, Format Version 12.00
# Visual Studio Version 17
VisualStudioVersion = 17.0.31903.59
MinimumVisualStudioVersion = 10.0.40219.1
Project("{2150E333-8FDC-42A3-9474-1A3956D46DE8}") = "Source", "Source", "{F86452D1-7B17-4FD3-BBEC-4B1341217545}"
EndProject
Project("{2150E333-8FDC-42A3-9474-1A3956D46DE8}") = "Core", "Core", "{086AAEBC-E170-432D-95B7-E699FFB8813E}"
EndProject
Project("{2150E333-8FDC-42A3-9474-1A3956D46DE8}") = "Extras", "Extras", "{A7C58F76-7A7D-4E63-82AB-E88C229ED74D}"
EndProject
Project("{2150E333-8FDC-42A3-9474-1A3956D46DE8}") = "Modules", "Modules", "{69290E46-397D-481F-970C-C9A4D5C635EE}"
EndProject
Project("{2150E333-8FDC-42A3-9474-1A3956D46DE8}") = "Tests", "Tests", "{D1DFCF01-F1BC-4AFD-94D4-4BD0694C01C1}"
EndProject
Project("{2150E333-8FDC-42A3-9474-1A3956D46DE8}") = "Core", "Core", "{3FCB7D8B-6331-433F-8B8A-251103BB1F0E}"
EndProject
Project("{2150E333-8FDC-42A3-9474-1A3956D46DE8}") = "Extras", "Extras", "{1FCC0F72-432C-470E-8040-6742CFE0CD74}"
EndProject
Project("{2150E333-8FDC-42A3-9474-1A3956D46DE8}") = "Modules", "Modules", "{63233099-192D-45B0-A2B5-0093967E853B}"
EndProject
Project("{FAE04EC0-301F-11D3-BF4B-00C04F79EFBC}") = "Mercury.PowerShell.DependencyInjection", "source\core\Mercury.PowerShell.DependencyInjection\Mercury.PowerShell.DependencyInjection.csproj", "{3E4F7A53-3734-4684-AA59-3D64575BBCA1}"
EndProject
Project("{FAE04EC0-301F-11D3-BF4B-00C04F79EFBC}") = "Mercury.PowerShell.DependencyInjection.UnitTests", "tests\core\Mercury.PowerShell.DependencyInjection.UnitTests\Mercury.PowerShell.DependencyInjection.UnitTests.csproj", "{ACDA2793-8D1C-4102-B2C7-41F8A0A5900B}"
EndProject
Project("{FAE04EC0-301F-11D3-BF4B-00C04F79EFBC}") = "Mercury.PowerShell.Storage", "source\core\Mercury.PowerShell.Storage\Mercury.PowerShell.Storage.csproj", "{6A31A064-D38B-49EB-9F8E-F19053D4DCA9}"
EndProject
Project("{FAE04EC0-301F-11D3-BF4B-00C04F79EFBC}") = "Mercury.PowerShell.Storage.UnitTests", "tests\core\Mercury.PowerShell.Storage.UnitTests\Mercury.PowerShell.Storage.UnitTests.csproj", "{97E070C9-0A48-4C44-91A7-B82AB58A9F14}"
EndProject
Project("{FAE04EC0-301F-11D3-BF4B-00C04F79EFBC}") = "Mercury.PowerShell.ArgumentCompleter", "source\modules\Mercury.PowerShell.ArgumentCompleter\Mercury.PowerShell.ArgumentCompleter.csproj", "{B4631AA7-87B5-4A47-9238-B7E124468EBF}"
EndProject
Project("{FAE04EC0-301F-11D3-BF4B-00C04F79EFBC}") = "Mercury.PowerShell.ArgumentCompleter.UnitTests", "tests\modules\Mercury.PowerShell.ArgumentCompleter.UnitTests\Mercury.PowerShell.ArgumentCompleter.UnitTests.csproj", "{455A5AC9-D357-4DE3-8DC9-CCB1B8B6E20E}"
EndProject
Project("{FAE04EC0-301F-11D3-BF4B-00C04F79EFBC}") = "Mercury.PowerShell.Hooks", "source\modules\Mercury.PowerShell.Hooks\Mercury.PowerShell.Hooks.csproj", "{42C2EE31-DF9B-4909-BB98-438E3A21EA18}"
EndProject
Project("{2150E333-8FDC-42A3-9474-1A3956D46DE8}") = "Solution Items", "Solution Items", "{84278E73-292D-4AC2-B0AB-9684FC96FD45}"
	ProjectSection(SolutionItems) = preProject
		.editorconfig = .editorconfig
		.gitignore = .gitignore
		LICENSE.md = LICENSE.md
		README.md = README.md
	EndProjectSection
EndProject
Global
	GlobalSection(SolutionConfigurationPlatforms) = preSolution
		Debug|Any CPU = Debug|Any CPU
		Release|Any CPU = Release|Any CPU
	EndGlobalSection
	GlobalSection(SolutionProperties) = preSolution
		HideSolutionNode = FALSE
	EndGlobalSection
	GlobalSection(NestedProjects) = preSolution
		{086AAEBC-E170-432D-95B7-E699FFB8813E} = {F86452D1-7B17-4FD3-BBEC-4B1341217545}
		{A7C58F76-7A7D-4E63-82AB-E88C229ED74D} = {F86452D1-7B17-4FD3-BBEC-4B1341217545}
		{69290E46-397D-481F-970C-C9A4D5C635EE} = {F86452D1-7B17-4FD3-BBEC-4B1341217545}
		{3FCB7D8B-6331-433F-8B8A-251103BB1F0E} = {D1DFCF01-F1BC-4AFD-94D4-4BD0694C01C1}
		{1FCC0F72-432C-470E-8040-6742CFE0CD74} = {D1DFCF01-F1BC-4AFD-94D4-4BD0694C01C1}
		{63233099-192D-45B0-A2B5-0093967E853B} = {D1DFCF01-F1BC-4AFD-94D4-4BD0694C01C1}
		{3E4F7A53-3734-4684-AA59-3D64575BBCA1} = {086AAEBC-E170-432D-95B7-E699FFB8813E}
		{ACDA2793-8D1C-4102-B2C7-41F8A0A5900B} = {3FCB7D8B-6331-433F-8B8A-251103BB1F0E}
		{6A31A064-D38B-49EB-9F8E-F19053D4DCA9} = {086AAEBC-E170-432D-95B7-E699FFB8813E}
		{97E070C9-0A48-4C44-91A7-B82AB58A9F14} = {3FCB7D8B-6331-433F-8B8A-251103BB1F0E}
		{B4631AA7-87B5-4A47-9238-B7E124468EBF} = {69290E46-397D-481F-970C-C9A4D5C635EE}
		{455A5AC9-D357-4DE3-8DC9-CCB1B8B6E20E} = {63233099-192D-45B0-A2B5-0093967E853B}
		{42C2EE31-DF9B-4909-BB98-438E3A21EA18} = {69290E46-397D-481F-970C-C9A4D5C635EE}
	EndGlobalSection
	GlobalSection(ProjectConfigurationPlatforms) = postSolution
		{3E4F7A53-3734-4684-AA59-3D64575BBCA1}.Debug|Any CPU.ActiveCfg = Debug|Any CPU
		{3E4F7A53-3734-4684-AA59-3D64575BBCA1}.Debug|Any CPU.Build.0 = Debug|Any CPU
		{3E4F7A53-3734-4684-AA59-3D64575BBCA1}.Release|Any CPU.ActiveCfg = Release|Any CPU
		{3E4F7A53-3734-4684-AA59-3D64575BBCA1}.Release|Any CPU.Build.0 = Release|Any CPU
		{ACDA2793-8D1C-4102-B2C7-41F8A0A5900B}.Debug|Any CPU.ActiveCfg = Debug|Any CPU
		{ACDA2793-8D1C-4102-B2C7-41F8A0A5900B}.Debug|Any CPU.Build.0 = Debug|Any CPU
		{ACDA2793-8D1C-4102-B2C7-41F8A0A5900B}.Release|Any CPU.ActiveCfg = Release|Any CPU
		{ACDA2793-8D1C-4102-B2C7-41F8A0A5900B}.Release|Any CPU.Build.0 = Release|Any CPU
		{6A31A064-D38B-49EB-9F8E-F19053D4DCA9}.Debug|Any CPU.ActiveCfg = Debug|Any CPU
		{6A31A064-D38B-49EB-9F8E-F19053D4DCA9}.Debug|Any CPU.Build.0 = Debug|Any CPU
		{6A31A064-D38B-49EB-9F8E-F19053D4DCA9}.Release|Any CPU.ActiveCfg = Release|Any CPU
		{6A31A064-D38B-49EB-9F8E-F19053D4DCA9}.Release|Any CPU.Build.0 = Release|Any CPU
		{97E070C9-0A48-4C44-91A7-B82AB58A9F14}.Debug|Any CPU.ActiveCfg = Debug|Any CPU
		{97E070C9-0A48-4C44-91A7-B82AB58A9F14}.Debug|Any CPU.Build.0 = Debug|Any CPU
		{97E070C9-0A48-4C44-91A7-B82AB58A9F14}.Release|Any CPU.ActiveCfg = Release|Any CPU
		{97E070C9-0A48-4C44-91A7-B82AB58A9F14}.Release|Any CPU.Build.0 = Release|Any CPU
		{B4631AA7-87B5-4A47-9238-B7E124468EBF}.Debug|Any CPU.ActiveCfg = Debug|Any CPU
		{B4631AA7-87B5-4A47-9238-B7E124468EBF}.Debug|Any CPU.Build.0 = Debug|Any CPU
		{B4631AA7-87B5-4A47-9238-B7E124468EBF}.Release|Any CPU.ActiveCfg = Release|Any CPU
		{B4631AA7-87B5-4A47-9238-B7E124468EBF}.Release|Any CPU.Build.0 = Release|Any CPU
		{455A5AC9-D357-4DE3-8DC9-CCB1B8B6E20E}.Debug|Any CPU.ActiveCfg = Debug|Any CPU
		{455A5AC9-D357-4DE3-8DC9-CCB1B8B6E20E}.Debug|Any CPU.Build.0 = Debug|Any CPU
		{455A5AC9-D357-4DE3-8DC9-CCB1B8B6E20E}.Release|Any CPU.ActiveCfg = Release|Any CPU
		{455A5AC9-D357-4DE3-8DC9-CCB1B8B6E20E}.Release|Any CPU.Build.0 = Release|Any CPU
		{42C2EE31-DF9B-4909-BB98-438E3A21EA18}.Debug|Any CPU.ActiveCfg = Debug|Any CPU
		{42C2EE31-DF9B-4909-BB98-438E3A21EA18}.Debug|Any CPU.Build.0 = Debug|Any CPU
		{42C2EE31-DF9B-4909-BB98-438E3A21EA18}.Release|Any CPU.ActiveCfg = Release|Any CPU
		{42C2EE31-DF9B-4909-BB98-438E3A21EA18}.Release|Any CPU.Build.0 = Release|Any CPU
	EndGlobalSection
EndGlobal
